
Microsoft Visual Studio Solution File, Format Version 12.00
# Visual Studio Version 17
VisualStudioVersion = 17.3.32519.111
MinimumVisualStudioVersion = 10.0.40219.1
Project("{FAE04EC0-301F-11D3-BF4B-00C04F79EFBC}") = "TangyWeb_Server", "TangyWeb_Server\TangyWeb_Server.csproj", "{819816B4-6FE8-4310-A804-1F78BC2AB440}"
EndProject
Global
	GlobalSection(SolutionConfigurationPlatforms) = preSolution
		Debug|Any CPU = Debug|Any CPU
		Release|Any CPU = Release|Any CPU
	EndGlobalSection
	GlobalSection(ProjectConfigurationPlatforms) = postSolution
		{819816B4-6FE8-4310-A804-1F78BC2AB440}.Debug|Any CPU.ActiveCfg = Debug|Any CPU
		{819816B4-6FE8-4310-A804-1F78BC2AB440}.Debug|Any CPU.Build.0 = Debug|Any CPU
		{819816B4-6FE8-4310-A804-1F78BC2AB440}.Release|Any CPU.ActiveCfg = Release|Any CPU
		{819816B4-6FE8-4310-A804-1F78BC2AB440}.Release|Any CPU.Build.0 = Release|Any CPU
	EndGlobalSection
	GlobalSection(SolutionProperties) = preSolution
		HideSolutionNode = FALSE
	EndGlobalSection
	GlobalSection(ExtensibilityGlobals) = postSolution
		SolutionGuid = {E34A79F1-6F42-4E15-87E8-11A053EF9159}
	EndGlobalSection
EndGlobal
